// !$*UTF8*$!
{
	archiveVersion = 1;
	classes = {
	};
	objectVersion = 56;
	objects = {

/* Begin PBXBuildFile section */
		9F113BCA29F6CA9F0017101D /* AppDelegate.swift in Sources */ = {isa = PBXBuildFile; fileRef = 9F113BC929F6CA9F0017101D /* AppDelegate.swift */; };
		9F113BCC29F6CA9F0017101D /* SceneDelegate.swift in Sources */ = {isa = PBXBuildFile; fileRef = 9F113BCB29F6CA9F0017101D /* SceneDelegate.swift */; };
		9F113BD429F6CA9F0017101D /* JustLook.xcdatamodeld in Sources */ = {isa = PBXBuildFile; fileRef = 9F113BD229F6CA9F0017101D /* JustLook.xcdatamodeld */; };
		9F113BD629F6CAA00017101D /* Assets.xcassets in Resources */ = {isa = PBXBuildFile; fileRef = 9F113BD529F6CAA00017101D /* Assets.xcassets */; };
		9F113BE429F6CAA00017101D /* JustLookTests.swift in Sources */ = {isa = PBXBuildFile; fileRef = 9F113BE329F6CAA00017101D /* JustLookTests.swift */; };
		9F113BEE29F6CAA00017101D /* JustLookUITests.swift in Sources */ = {isa = PBXBuildFile; fileRef = 9F113BED29F6CAA00017101D /* JustLookUITests.swift */; };
		9F113BF029F6CAA00017101D /* JustLookUITestsLaunchTests.swift in Sources */ = {isa = PBXBuildFile; fileRef = 9F113BEF29F6CAA00017101D /* JustLookUITestsLaunchTests.swift */; };
		9F113C0B29F6EB620017101D /* PopularMovieDTO.swift in Sources */ = {isa = PBXBuildFile; fileRef = 9F113C0A29F6EB620017101D /* PopularMovieDTO.swift */; };
		9F3BD79329F7CE09009791B6 /* PopularMovieBO.swift in Sources */ = {isa = PBXBuildFile; fileRef = 9F3BD79229F7CE09009791B6 /* PopularMovieBO.swift */; };
		9F3BD79529F7E333009791B6 /* PopularMovieMapper.swift in Sources */ = {isa = PBXBuildFile; fileRef = 9F3BD79429F7E333009791B6 /* PopularMovieMapper.swift */; };
		9F3BD79A29F7F44F009791B6 /* Alamofire in Frameworks */ = {isa = PBXBuildFile; productRef = 9F3BD79929F7F44F009791B6 /* Alamofire */; };
		9F3BD79C29F7F529009791B6 /* PopularMovieInteractor.swift in Sources */ = {isa = PBXBuildFile; fileRef = 9F3BD79B29F7F529009791B6 /* PopularMovieInteractor.swift */; };
		9F3BD79E29F80B2C009791B6 /* PopularMoviePresenter.swift in Sources */ = {isa = PBXBuildFile; fileRef = 9F3BD79D29F80B2C009791B6 /* PopularMoviePresenter.swift */; };
		9F3BD7A229F84FE5009791B6 /* PopularMovieViewController.swift in Sources */ = {isa = PBXBuildFile; fileRef = 9F3BD7A029F84FE5009791B6 /* PopularMovieViewController.swift */; };
		9F3BD7A329F84FE5009791B6 /* PopularMovieViewController.xib in Resources */ = {isa = PBXBuildFile; fileRef = 9F3BD7A129F84FE5009791B6 /* PopularMovieViewController.xib */; };
		9F3BD7A529F85E2D009791B6 /* PopularMovieRouter.swift in Sources */ = {isa = PBXBuildFile; fileRef = 9F3BD7A429F85E2D009791B6 /* PopularMovieRouter.swift */; };
		9F3F74982A00FEBC00F136CC /* PopularMovieCollectionViewCell.swift in Sources */ = {isa = PBXBuildFile; fileRef = 9F3F74962A00FEBC00F136CC /* PopularMovieCollectionViewCell.swift */; };
		9F3F74992A00FEBC00F136CC /* PopularMovieCollectionViewCell.xib in Resources */ = {isa = PBXBuildFile; fileRef = 9F3F74972A00FEBC00F136CC /* PopularMovieCollectionViewCell.xib */; };
		9F3F749C2A01322500F136CC /* Kingfisher in Frameworks */ = {isa = PBXBuildFile; productRef = 9F3F749B2A01322500F136CC /* Kingfisher */; };
		9F3F74A32A02458500F136CC /* PopularSerieDTO.swift in Sources */ = {isa = PBXBuildFile; fileRef = 9F3F74A22A02458500F136CC /* PopularSerieDTO.swift */; };
		9F3F74A52A02486300F136CC /* PopularSerieBO.swift in Sources */ = {isa = PBXBuildFile; fileRef = 9F3F74A42A02486300F136CC /* PopularSerieBO.swift */; };
		9F3F74A72A0249E500F136CC /* PopularSerieMapper.swift in Sources */ = {isa = PBXBuildFile; fileRef = 9F3F74A62A0249E500F136CC /* PopularSerieMapper.swift */; };
		9F69F8A029F936BF00444ED0 /* Protocols.swift in Sources */ = {isa = PBXBuildFile; fileRef = 9F69F89F29F936BF00444ED0 /* Protocols.swift */; };
		9FF4A78429FBE36A00966630 /* Constants.swift in Sources */ = {isa = PBXBuildFile; fileRef = 9FF4A78329FBE36A00966630 /* Constants.swift */; };
		9FF4A78F29FC3C9E00966630 /* Util.swift in Sources */ = {isa = PBXBuildFile; fileRef = 9FF4A78E29FC3C9E00966630 /* Util.swift */; };
		9FFB585D2A08EF7F0011BDED /* SearchViewController.swift in Sources */ = {isa = PBXBuildFile; fileRef = 9FFB585B2A08EF7F0011BDED /* SearchViewController.swift */; };
		9FFB585E2A08EF7F0011BDED /* SearchViewController.xib in Resources */ = {isa = PBXBuildFile; fileRef = 9FFB585C2A08EF7F0011BDED /* SearchViewController.xib */; };
		9FFB58612A08F1C70011BDED /* UILabel+Extension.swift in Sources */ = {isa = PBXBuildFile; fileRef = 9FFB58602A08F1C70011BDED /* UILabel+Extension.swift */; };
		9FFB58632A08F57A0011BDED /* UIButton+Extension.swift in Sources */ = {isa = PBXBuildFile; fileRef = 9FFB58622A08F57A0011BDED /* UIButton+Extension.swift */; };
/* End PBXBuildFile section */

/* Begin PBXContainerItemProxy section */
		9F113BE029F6CAA00017101D /* PBXContainerItemProxy */ = {
			isa = PBXContainerItemProxy;
			containerPortal = 9F113BBE29F6CA9F0017101D /* Project object */;
			proxyType = 1;
			remoteGlobalIDString = 9F113BC529F6CA9F0017101D;
			remoteInfo = JustLook;
		};
		9F113BEA29F6CAA00017101D /* PBXContainerItemProxy */ = {
			isa = PBXContainerItemProxy;
			containerPortal = 9F113BBE29F6CA9F0017101D /* Project object */;
			proxyType = 1;
			remoteGlobalIDString = 9F113BC529F6CA9F0017101D;
			remoteInfo = JustLook;
		};
/* End PBXContainerItemProxy section */

/* Begin PBXFileReference section */
		9F113BC629F6CA9F0017101D /* JustLook.app */ = {isa = PBXFileReference; explicitFileType = wrapper.application; includeInIndex = 0; path = JustLook.app; sourceTree = BUILT_PRODUCTS_DIR; };
		9F113BC929F6CA9F0017101D /* AppDelegate.swift */ = {isa = PBXFileReference; lastKnownFileType = sourcecode.swift; path = AppDelegate.swift; sourceTree = "<group>"; };
		9F113BCB29F6CA9F0017101D /* SceneDelegate.swift */ = {isa = PBXFileReference; lastKnownFileType = sourcecode.swift; path = SceneDelegate.swift; sourceTree = "<group>"; };
		9F113BD329F6CA9F0017101D /* JustLook.xcdatamodel */ = {isa = PBXFileReference; lastKnownFileType = wrapper.xcdatamodel; path = JustLook.xcdatamodel; sourceTree = "<group>"; };
		9F113BD529F6CAA00017101D /* Assets.xcassets */ = {isa = PBXFileReference; lastKnownFileType = folder.assetcatalog; path = Assets.xcassets; sourceTree = "<group>"; };
		9F113BDA29F6CAA00017101D /* Info.plist */ = {isa = PBXFileReference; lastKnownFileType = text.plist.xml; path = Info.plist; sourceTree = "<group>"; };
		9F113BDF29F6CAA00017101D /* JustLookTests.xctest */ = {isa = PBXFileReference; explicitFileType = wrapper.cfbundle; includeInIndex = 0; path = JustLookTests.xctest; sourceTree = BUILT_PRODUCTS_DIR; };
		9F113BE329F6CAA00017101D /* JustLookTests.swift */ = {isa = PBXFileReference; lastKnownFileType = sourcecode.swift; path = JustLookTests.swift; sourceTree = "<group>"; };
		9F113BE929F6CAA00017101D /* JustLookUITests.xctest */ = {isa = PBXFileReference; explicitFileType = wrapper.cfbundle; includeInIndex = 0; path = JustLookUITests.xctest; sourceTree = BUILT_PRODUCTS_DIR; };
		9F113BED29F6CAA00017101D /* JustLookUITests.swift */ = {isa = PBXFileReference; lastKnownFileType = sourcecode.swift; path = JustLookUITests.swift; sourceTree = "<group>"; };
		9F113BEF29F6CAA00017101D /* JustLookUITestsLaunchTests.swift */ = {isa = PBXFileReference; lastKnownFileType = sourcecode.swift; path = JustLookUITestsLaunchTests.swift; sourceTree = "<group>"; };
		9F113C0A29F6EB620017101D /* PopularMovieDTO.swift */ = {isa = PBXFileReference; lastKnownFileType = sourcecode.swift; path = PopularMovieDTO.swift; sourceTree = "<group>"; };
		9F3BD79229F7CE09009791B6 /* PopularMovieBO.swift */ = {isa = PBXFileReference; lastKnownFileType = sourcecode.swift; path = PopularMovieBO.swift; sourceTree = "<group>"; };
		9F3BD79429F7E333009791B6 /* PopularMovieMapper.swift */ = {isa = PBXFileReference; lastKnownFileType = sourcecode.swift; path = PopularMovieMapper.swift; sourceTree = "<group>"; };
		9F3BD79B29F7F529009791B6 /* PopularMovieInteractor.swift */ = {isa = PBXFileReference; lastKnownFileType = sourcecode.swift; path = PopularMovieInteractor.swift; sourceTree = "<group>"; };
		9F3BD79D29F80B2C009791B6 /* PopularMoviePresenter.swift */ = {isa = PBXFileReference; lastKnownFileType = sourcecode.swift; path = PopularMoviePresenter.swift; sourceTree = "<group>"; };
		9F3BD7A029F84FE5009791B6 /* PopularMovieViewController.swift */ = {isa = PBXFileReference; lastKnownFileType = sourcecode.swift; path = PopularMovieViewController.swift; sourceTree = "<group>"; };
		9F3BD7A129F84FE5009791B6 /* PopularMovieViewController.xib */ = {isa = PBXFileReference; lastKnownFileType = file.xib; path = PopularMovieViewController.xib; sourceTree = "<group>"; };
		9F3BD7A429F85E2D009791B6 /* PopularMovieRouter.swift */ = {isa = PBXFileReference; lastKnownFileType = sourcecode.swift; path = PopularMovieRouter.swift; sourceTree = "<group>"; };
		9F3F74962A00FEBC00F136CC /* PopularMovieCollectionViewCell.swift */ = {isa = PBXFileReference; lastKnownFileType = sourcecode.swift; path = PopularMovieCollectionViewCell.swift; sourceTree = "<group>"; };
		9F3F74972A00FEBC00F136CC /* PopularMovieCollectionViewCell.xib */ = {isa = PBXFileReference; lastKnownFileType = file.xib; path = PopularMovieCollectionViewCell.xib; sourceTree = "<group>"; };
		9F3F74A22A02458500F136CC /* PopularSerieDTO.swift */ = {isa = PBXFileReference; lastKnownFileType = sourcecode.swift; path = PopularSerieDTO.swift; sourceTree = "<group>"; };
		9F3F74A42A02486300F136CC /* PopularSerieBO.swift */ = {isa = PBXFileReference; lastKnownFileType = sourcecode.swift; path = PopularSerieBO.swift; sourceTree = "<group>"; };
		9F3F74A62A0249E500F136CC /* PopularSerieMapper.swift */ = {isa = PBXFileReference; lastKnownFileType = sourcecode.swift; path = PopularSerieMapper.swift; sourceTree = "<group>"; };
		9F69F89F29F936BF00444ED0 /* Protocols.swift */ = {isa = PBXFileReference; lastKnownFileType = sourcecode.swift; path = Protocols.swift; sourceTree = "<group>"; };
		9FF4A78329FBE36A00966630 /* Constants.swift */ = {isa = PBXFileReference; lastKnownFileType = sourcecode.swift; path = Constants.swift; sourceTree = "<group>"; };
		9FF4A78D29FC3A3200966630 /* privateConfig.xcconfig */ = {isa = PBXFileReference; lastKnownFileType = text.xcconfig; path = privateConfig.xcconfig; sourceTree = "<group>"; };
		9FF4A78E29FC3C9E00966630 /* Util.swift */ = {isa = PBXFileReference; lastKnownFileType = sourcecode.swift; path = Util.swift; sourceTree = "<group>"; };
		9FFB585B2A08EF7F0011BDED /* SearchViewController.swift */ = {isa = PBXFileReference; lastKnownFileType = sourcecode.swift; path = SearchViewController.swift; sourceTree = "<group>"; };
		9FFB585C2A08EF7F0011BDED /* SearchViewController.xib */ = {isa = PBXFileReference; lastKnownFileType = file.xib; path = SearchViewController.xib; sourceTree = "<group>"; };
		9FFB58602A08F1C70011BDED /* UILabel+Extension.swift */ = {isa = PBXFileReference; lastKnownFileType = sourcecode.swift; path = "UILabel+Extension.swift"; sourceTree = "<group>"; };
		9FFB58622A08F57A0011BDED /* UIButton+Extension.swift */ = {isa = PBXFileReference; lastKnownFileType = sourcecode.swift; path = "UIButton+Extension.swift"; sourceTree = "<group>"; };
/* End PBXFileReference section */

/* Begin PBXFrameworksBuildPhase section */
		9F113BC329F6CA9F0017101D /* Frameworks */ = {
			isa = PBXFrameworksBuildPhase;
			buildActionMask = 2147483647;
			files = (
				9F3F749C2A01322500F136CC /* Kingfisher in Frameworks */,
				9F3BD79A29F7F44F009791B6 /* Alamofire in Frameworks */,
			);
			runOnlyForDeploymentPostprocessing = 0;
		};
		9F113BDC29F6CAA00017101D /* Frameworks */ = {
			isa = PBXFrameworksBuildPhase;
			buildActionMask = 2147483647;
			files = (
			);
			runOnlyForDeploymentPostprocessing = 0;
		};
		9F113BE629F6CAA00017101D /* Frameworks */ = {
			isa = PBXFrameworksBuildPhase;
			buildActionMask = 2147483647;
			files = (
			);
			runOnlyForDeploymentPostprocessing = 0;
		};
/* End PBXFrameworksBuildPhase section */

/* Begin PBXGroup section */
		9F113BBD29F6CA9F0017101D = {
			isa = PBXGroup;
			children = (
				9F113BC829F6CA9F0017101D /* JustLook */,
				9F113BE229F6CAA00017101D /* JustLookTests */,
				9F113BEC29F6CAA00017101D /* JustLookUITests */,
				9F113BC729F6CA9F0017101D /* Products */,
			);
			sourceTree = "<group>";
		};
		9F113BC729F6CA9F0017101D /* Products */ = {
			isa = PBXGroup;
			children = (
				9F113BC629F6CA9F0017101D /* JustLook.app */,
				9F113BDF29F6CAA00017101D /* JustLookTests.xctest */,
				9F113BE929F6CAA00017101D /* JustLookUITests.xctest */,
			);
			name = Products;
			sourceTree = "<group>";
		};
		9F113BC829F6CA9F0017101D /* JustLook */ = {
			isa = PBXGroup;
			children = (
				9F113BFE29F6CBB00017101D /* Layers */,
				9F113BFD29F6CB9F0017101D /* Utils */,
				9F113BFC29F6CB460017101D /* SupportingFiles */,
				9F113BC929F6CA9F0017101D /* AppDelegate.swift */,
				9F113BCB29F6CA9F0017101D /* SceneDelegate.swift */,
				9F113BD529F6CAA00017101D /* Assets.xcassets */,
				9F113BD229F6CA9F0017101D /* JustLook.xcdatamodeld */,
			);
			path = JustLook;
			sourceTree = "<group>";
		};
		9F113BE229F6CAA00017101D /* JustLookTests */ = {
			isa = PBXGroup;
			children = (
				9F113BE329F6CAA00017101D /* JustLookTests.swift */,
			);
			path = JustLookTests;
			sourceTree = "<group>";
		};
		9F113BEC29F6CAA00017101D /* JustLookUITests */ = {
			isa = PBXGroup;
			children = (
				9F113BED29F6CAA00017101D /* JustLookUITests.swift */,
				9F113BEF29F6CAA00017101D /* JustLookUITestsLaunchTests.swift */,
			);
			path = JustLookUITests;
			sourceTree = "<group>";
		};
		9F113BFC29F6CB460017101D /* SupportingFiles */ = {
			isa = PBXGroup;
			children = (
				9FF4A78C29FC39F300966630 /* Config */,
				9F113BDA29F6CAA00017101D /* Info.plist */,
			);
			path = SupportingFiles;
			sourceTree = "<group>";
		};
		9F113BFD29F6CB9F0017101D /* Utils */ = {
			isa = PBXGroup;
			children = (
				9FFB585F2A08F1A10011BDED /* Extensions */,
				9FF4A78329FBE36A00966630 /* Constants.swift */,
				9FF4A78E29FC3C9E00966630 /* Util.swift */,
			);
			path = Utils;
			sourceTree = "<group>";
		};
		9F113BFE29F6CBB00017101D /* Layers */ = {
			isa = PBXGroup;
			children = (
				9FFB58592A08EEDD0011BDED /* Search */,
				9F113C0429F6CEA20017101D /* Popular */,
				9F69F89F29F936BF00444ED0 /* Protocols.swift */,
			);
			path = Layers;
			sourceTree = "<group>";
		};
		9F113BFF29F6CBD10017101D /* Views */ = {
			isa = PBXGroup;
			children = (
				9F3F74952A00FE2F00F136CC /* Cell */,
				9F3BD79F29F84F73009791B6 /* ListMovies */,
			);
			path = Views;
			sourceTree = "<group>";
		};
		9F113C0029F6CC780017101D /* Model */ = {
			isa = PBXGroup;
			children = (
				9F3F749E2A0244B100F136CC /* Series */,
				9F3F749D2A02449600F136CC /* Movie */,
			);
			path = Model;
			sourceTree = "<group>";
		};
		9F113C0129F6CCE50017101D /* Interactor */ = {
			isa = PBXGroup;
			children = (
				9F3BD79B29F7F529009791B6 /* PopularMovieInteractor.swift */,
			);
			path = Interactor;
			sourceTree = "<group>";
		};
		9F113C0229F6CD900017101D /* Presenter */ = {
			isa = PBXGroup;
			children = (
				9F3BD79D29F80B2C009791B6 /* PopularMoviePresenter.swift */,
			);
			path = Presenter;
			sourceTree = "<group>";
		};
		9F113C0329F6CDE30017101D /* Router */ = {
			isa = PBXGroup;
			children = (
				9F3BD7A429F85E2D009791B6 /* PopularMovieRouter.swift */,
			);
			path = Router;
			sourceTree = "<group>";
		};
		9F113C0429F6CEA20017101D /* Popular */ = {
			isa = PBXGroup;
			children = (
				9F113C0029F6CC780017101D /* Model */,
				9F113C0129F6CCE50017101D /* Interactor */,
				9F113C0229F6CD900017101D /* Presenter */,
				9F113BFF29F6CBD10017101D /* Views */,
				9F113C0329F6CDE30017101D /* Router */,
			);
			path = Popular;
			sourceTree = "<group>";
		};
		9F113C0529F6D77C0017101D /* BO */ = {
			isa = PBXGroup;
			children = (
				9F3BD79229F7CE09009791B6 /* PopularMovieBO.swift */,
			);
			path = BO;
			sourceTree = "<group>";
		};
		9F113C0629F6D7840017101D /* VO */ = {
			isa = PBXGroup;
			children = (
			);
			path = VO;
			sourceTree = "<group>";
		};
		9F113C0729F6D7950017101D /* DTO */ = {
			isa = PBXGroup;
			children = (
				9F113C0A29F6EB620017101D /* PopularMovieDTO.swift */,
			);
			path = DTO;
			sourceTree = "<group>";
		};
		9F113C0929F6D89F0017101D /* Mapper */ = {
			isa = PBXGroup;
			children = (
				9F3BD79429F7E333009791B6 /* PopularMovieMapper.swift */,
			);
			path = Mapper;
			sourceTree = "<group>";
		};
		9F3BD79F29F84F73009791B6 /* ListMovies */ = {
			isa = PBXGroup;
			children = (
				9F3BD7A029F84FE5009791B6 /* PopularMovieViewController.swift */,
				9F3BD7A129F84FE5009791B6 /* PopularMovieViewController.xib */,
			);
			path = ListMovies;
			sourceTree = "<group>";
		};
		9F3F74952A00FE2F00F136CC /* Cell */ = {
			isa = PBXGroup;
			children = (
				9F3F74962A00FEBC00F136CC /* PopularMovieCollectionViewCell.swift */,
				9F3F74972A00FEBC00F136CC /* PopularMovieCollectionViewCell.xib */,
			);
			path = Cell;
			sourceTree = "<group>";
		};
		9F3F749D2A02449600F136CC /* Movie */ = {
			isa = PBXGroup;
			children = (
				9F113C0929F6D89F0017101D /* Mapper */,
				9F113C0729F6D7950017101D /* DTO */,
				9F113C0529F6D77C0017101D /* BO */,
				9F113C0629F6D7840017101D /* VO */,
			);
			path = Movie;
			sourceTree = "<group>";
		};
		9F3F749E2A0244B100F136CC /* Series */ = {
			isa = PBXGroup;
			children = (
				9F3F74A12A02455A00F136CC /* Mapper */,
				9F3F74A02A02455200F136CC /* DTO */,
				9F3F749F2A02454600F136CC /* BO */,
			);
			path = Series;
			sourceTree = "<group>";
		};
		9F3F749F2A02454600F136CC /* BO */ = {
			isa = PBXGroup;
			children = (
				9F3F74A42A02486300F136CC /* PopularSerieBO.swift */,
			);
			path = BO;
			sourceTree = "<group>";
		};
		9F3F74A02A02455200F136CC /* DTO */ = {
			isa = PBXGroup;
			children = (
				9F3F74A22A02458500F136CC /* PopularSerieDTO.swift */,
			);
			path = DTO;
			sourceTree = "<group>";
		};
		9F3F74A12A02455A00F136CC /* Mapper */ = {
			isa = PBXGroup;
			children = (
				9F3F74A62A0249E500F136CC /* PopularSerieMapper.swift */,
			);
			path = Mapper;
			sourceTree = "<group>";
		};
		9FF4A78C29FC39F300966630 /* Config */ = {
			isa = PBXGroup;
			children = (
				9FF4A78D29FC3A3200966630 /* privateConfig.xcconfig */,
			);
			path = Config;
			sourceTree = "<group>";
		};
		9FFB58592A08EEDD0011BDED /* Search */ = {
			isa = PBXGroup;
			children = (
				9FFB585A2A08EEF70011BDED /* View */,
			);
			path = Search;
			sourceTree = "<group>";
		};
		9FFB585A2A08EEF70011BDED /* View */ = {
			isa = PBXGroup;
			children = (
				9FFB585B2A08EF7F0011BDED /* SearchViewController.swift */,
				9FFB585C2A08EF7F0011BDED /* SearchViewController.xib */,
			);
			path = View;
			sourceTree = "<group>";
		};
		9FFB585F2A08F1A10011BDED /* Extensions */ = {
			isa = PBXGroup;
			children = (
				9FFB58602A08F1C70011BDED /* UILabel+Extension.swift */,
				9FFB58622A08F57A0011BDED /* UIButton+Extension.swift */,
			);
			path = Extensions;
			sourceTree = "<group>";
		};
/* End PBXGroup section */

/* Begin PBXNativeTarget section */
		9F113BC529F6CA9F0017101D /* JustLook */ = {
			isa = PBXNativeTarget;
			buildConfigurationList = 9F113BF329F6CAA00017101D /* Build configuration list for PBXNativeTarget "JustLook" */;
			buildPhases = (
				9F113BC229F6CA9F0017101D /* Sources */,
				9F113BC329F6CA9F0017101D /* Frameworks */,
				9F113BC429F6CA9F0017101D /* Resources */,
			);
			buildRules = (
			);
			dependencies = (
			);
			name = JustLook;
			packageProductDependencies = (
				9F3BD79929F7F44F009791B6 /* Alamofire */,
				9F3F749B2A01322500F136CC /* Kingfisher */,
			);
			productName = JustLook;
			productReference = 9F113BC629F6CA9F0017101D /* JustLook.app */;
			productType = "com.apple.product-type.application";
		};
		9F113BDE29F6CAA00017101D /* JustLookTests */ = {
			isa = PBXNativeTarget;
			buildConfigurationList = 9F113BF629F6CAA00017101D /* Build configuration list for PBXNativeTarget "JustLookTests" */;
			buildPhases = (
				9F113BDB29F6CAA00017101D /* Sources */,
				9F113BDC29F6CAA00017101D /* Frameworks */,
				9F113BDD29F6CAA00017101D /* Resources */,
			);
			buildRules = (
			);
			dependencies = (
				9F113BE129F6CAA00017101D /* PBXTargetDependency */,
			);
			name = JustLookTests;
			productName = JustLookTests;
			productReference = 9F113BDF29F6CAA00017101D /* JustLookTests.xctest */;
			productType = "com.apple.product-type.bundle.unit-test";
		};
		9F113BE829F6CAA00017101D /* JustLookUITests */ = {
			isa = PBXNativeTarget;
			buildConfigurationList = 9F113BF929F6CAA00017101D /* Build configuration list for PBXNativeTarget "JustLookUITests" */;
			buildPhases = (
				9F113BE529F6CAA00017101D /* Sources */,
				9F113BE629F6CAA00017101D /* Frameworks */,
				9F113BE729F6CAA00017101D /* Resources */,
			);
			buildRules = (
			);
			dependencies = (
				9F113BEB29F6CAA00017101D /* PBXTargetDependency */,
			);
			name = JustLookUITests;
			productName = JustLookUITests;
			productReference = 9F113BE929F6CAA00017101D /* JustLookUITests.xctest */;
			productType = "com.apple.product-type.bundle.ui-testing";
		};
/* End PBXNativeTarget section */

/* Begin PBXProject section */
		9F113BBE29F6CA9F0017101D /* Project object */ = {
			isa = PBXProject;
			attributes = {
				BuildIndependentTargetsInParallel = 1;
				LastSwiftUpdateCheck = 1420;
				LastUpgradeCheck = 1420;
				TargetAttributes = {
					9F113BC529F6CA9F0017101D = {
						CreatedOnToolsVersion = 14.2;
					};
					9F113BDE29F6CAA00017101D = {
						CreatedOnToolsVersion = 14.2;
						TestTargetID = 9F113BC529F6CA9F0017101D;
					};
					9F113BE829F6CAA00017101D = {
						CreatedOnToolsVersion = 14.2;
						TestTargetID = 9F113BC529F6CA9F0017101D;
					};
				};
			};
			buildConfigurationList = 9F113BC129F6CA9F0017101D /* Build configuration list for PBXProject "JustLook" */;
			compatibilityVersion = "Xcode 14.0";
			developmentRegion = en;
			hasScannedForEncodings = 0;
			knownRegions = (
				en,
				Base,
			);
			mainGroup = 9F113BBD29F6CA9F0017101D;
			packageReferences = (
				9F3BD79829F7F44F009791B6 /* XCRemoteSwiftPackageReference "Alamofire" */,
				9F3F749A2A01322500F136CC /* XCRemoteSwiftPackageReference "Kingfisher" */,
			);
			productRefGroup = 9F113BC729F6CA9F0017101D /* Products */;
			projectDirPath = "";
			projectRoot = "";
			targets = (
				9F113BC529F6CA9F0017101D /* JustLook */,
				9F113BDE29F6CAA00017101D /* JustLookTests */,
				9F113BE829F6CAA00017101D /* JustLookUITests */,
			);
		};
/* End PBXProject section */

/* Begin PBXResourcesBuildPhase section */
		9F113BC429F6CA9F0017101D /* Resources */ = {
			isa = PBXResourcesBuildPhase;
			buildActionMask = 2147483647;
			files = (
				9F113BD629F6CAA00017101D /* Assets.xcassets in Resources */,
				9F3F74992A00FEBC00F136CC /* PopularMovieCollectionViewCell.xib in Resources */,
				9FFB585E2A08EF7F0011BDED /* SearchViewController.xib in Resources */,
				9F3BD7A329F84FE5009791B6 /* PopularMovieViewController.xib in Resources */,
			);
			runOnlyForDeploymentPostprocessing = 0;
		};
		9F113BDD29F6CAA00017101D /* Resources */ = {
			isa = PBXResourcesBuildPhase;
			buildActionMask = 2147483647;
			files = (
			);
			runOnlyForDeploymentPostprocessing = 0;
		};
		9F113BE729F6CAA00017101D /* Resources */ = {
			isa = PBXResourcesBuildPhase;
			buildActionMask = 2147483647;
			files = (
			);
			runOnlyForDeploymentPostprocessing = 0;
		};
/* End PBXResourcesBuildPhase section */

/* Begin PBXSourcesBuildPhase section */
		9F113BC229F6CA9F0017101D /* Sources */ = {
			isa = PBXSourcesBuildPhase;
			buildActionMask = 2147483647;
			files = (
				9F3BD7A229F84FE5009791B6 /* PopularMovieViewController.swift in Sources */,
				9F3BD79329F7CE09009791B6 /* PopularMovieBO.swift in Sources */,
				9F3BD79E29F80B2C009791B6 /* PopularMoviePresenter.swift in Sources */,
				9F69F8A029F936BF00444ED0 /* Protocols.swift in Sources */,
				9F3BD79C29F7F529009791B6 /* PopularMovieInteractor.swift in Sources */,
				9F3F74A72A0249E500F136CC /* PopularSerieMapper.swift in Sources */,
				9F113BD429F6CA9F0017101D /* JustLook.xcdatamodeld in Sources */,
				9F113C0B29F6EB620017101D /* PopularMovieDTO.swift in Sources */,
				9FFB58612A08F1C70011BDED /* UILabel+Extension.swift in Sources */,
				9FF4A78F29FC3C9E00966630 /* Util.swift in Sources */,
				9F113BCA29F6CA9F0017101D /* AppDelegate.swift in Sources */,
				9F3F74982A00FEBC00F136CC /* PopularMovieCollectionViewCell.swift in Sources */,
				9F3BD7A529F85E2D009791B6 /* PopularMovieRouter.swift in Sources */,
				9FFB58632A08F57A0011BDED /* UIButton+Extension.swift in Sources */,
				9FFB585D2A08EF7F0011BDED /* SearchViewController.swift in Sources */,
				9F3F74A52A02486300F136CC /* PopularSerieBO.swift in Sources */,
				9F113BCC29F6CA9F0017101D /* SceneDelegate.swift in Sources */,
				9F3F74A32A02458500F136CC /* PopularSerieDTO.swift in Sources */,
				9F3BD79529F7E333009791B6 /* PopularMovieMapper.swift in Sources */,
				9FF4A78429FBE36A00966630 /* Constants.swift in Sources */,
			);
			runOnlyForDeploymentPostprocessing = 0;
		};
		9F113BDB29F6CAA00017101D /* Sources */ = {
			isa = PBXSourcesBuildPhase;
			buildActionMask = 2147483647;
			files = (
				9F113BE429F6CAA00017101D /* JustLookTests.swift in Sources */,
			);
			runOnlyForDeploymentPostprocessing = 0;
		};
		9F113BE529F6CAA00017101D /* Sources */ = {
			isa = PBXSourcesBuildPhase;
			buildActionMask = 2147483647;
			files = (
				9F113BF029F6CAA00017101D /* JustLookUITestsLaunchTests.swift in Sources */,
				9F113BEE29F6CAA00017101D /* JustLookUITests.swift in Sources */,
			);
			runOnlyForDeploymentPostprocessing = 0;
		};
/* End PBXSourcesBuildPhase section */

/* Begin PBXTargetDependency section */
		9F113BE129F6CAA00017101D /* PBXTargetDependency */ = {
			isa = PBXTargetDependency;
			target = 9F113BC529F6CA9F0017101D /* JustLook */;
			targetProxy = 9F113BE029F6CAA00017101D /* PBXContainerItemProxy */;
		};
		9F113BEB29F6CAA00017101D /* PBXTargetDependency */ = {
			isa = PBXTargetDependency;
			target = 9F113BC529F6CA9F0017101D /* JustLook */;
			targetProxy = 9F113BEA29F6CAA00017101D /* PBXContainerItemProxy */;
		};
/* End PBXTargetDependency section */

/* Begin XCBuildConfiguration section */
		9F113BF129F6CAA00017101D /* Debug */ = {
			isa = XCBuildConfiguration;
			baseConfigurationReference = 9FF4A78D29FC3A3200966630 /* privateConfig.xcconfig */;
			buildSettings = {
				ALWAYS_SEARCH_USER_PATHS = NO;
				CLANG_ANALYZER_NONNULL = YES;
				CLANG_ANALYZER_NUMBER_OBJECT_CONVERSION = YES_AGGRESSIVE;
				CLANG_CXX_LANGUAGE_STANDARD = "gnu++20";
				CLANG_ENABLE_MODULES = YES;
				CLANG_ENABLE_OBJC_ARC = YES;
				CLANG_ENABLE_OBJC_WEAK = YES;
				CLANG_WARN_BLOCK_CAPTURE_AUTORELEASING = YES;
				CLANG_WARN_BOOL_CONVERSION = YES;
				CLANG_WARN_COMMA = YES;
				CLANG_WARN_CONSTANT_CONVERSION = YES;
				CLANG_WARN_DEPRECATED_OBJC_IMPLEMENTATIONS = YES;
				CLANG_WARN_DIRECT_OBJC_ISA_USAGE = YES_ERROR;
				CLANG_WARN_DOCUMENTATION_COMMENTS = YES;
				CLANG_WARN_EMPTY_BODY = YES;
				CLANG_WARN_ENUM_CONVERSION = YES;
				CLANG_WARN_INFINITE_RECURSION = YES;
				CLANG_WARN_INT_CONVERSION = YES;
				CLANG_WARN_NON_LITERAL_NULL_CONVERSION = YES;
				CLANG_WARN_OBJC_IMPLICIT_RETAIN_SELF = YES;
				CLANG_WARN_OBJC_LITERAL_CONVERSION = YES;
				CLANG_WARN_OBJC_ROOT_CLASS = YES_ERROR;
				CLANG_WARN_QUOTED_INCLUDE_IN_FRAMEWORK_HEADER = YES;
				CLANG_WARN_RANGE_LOOP_ANALYSIS = YES;
				CLANG_WARN_STRICT_PROTOTYPES = YES;
				CLANG_WARN_SUSPICIOUS_MOVE = YES;
				CLANG_WARN_UNGUARDED_AVAILABILITY = YES_AGGRESSIVE;
				CLANG_WARN_UNREACHABLE_CODE = YES;
				CLANG_WARN__DUPLICATE_METHOD_MATCH = YES;
				COPY_PHASE_STRIP = NO;
				DEBUG_INFORMATION_FORMAT = dwarf;
				ENABLE_STRICT_OBJC_MSGSEND = YES;
				ENABLE_TESTABILITY = YES;
				GCC_C_LANGUAGE_STANDARD = gnu11;
				GCC_DYNAMIC_NO_PIC = NO;
				GCC_NO_COMMON_BLOCKS = YES;
				GCC_OPTIMIZATION_LEVEL = 0;
				GCC_PREPROCESSOR_DEFINITIONS = (
					"DEBUG=1",
					"$(inherited)",
				);
				GCC_WARN_64_TO_32_BIT_CONVERSION = YES;
				GCC_WARN_ABOUT_RETURN_TYPE = YES_ERROR;
				GCC_WARN_UNDECLARED_SELECTOR = YES;
				GCC_WARN_UNINITIALIZED_AUTOS = YES_AGGRESSIVE;
				GCC_WARN_UNUSED_FUNCTION = YES;
				GCC_WARN_UNUSED_VARIABLE = YES;
				IPHONEOS_DEPLOYMENT_TARGET = 16.2;
				MTL_ENABLE_DEBUG_INFO = INCLUDE_SOURCE;
				MTL_FAST_MATH = YES;
				ONLY_ACTIVE_ARCH = YES;
				SDKROOT = iphoneos;
				SWIFT_ACTIVE_COMPILATION_CONDITIONS = DEBUG;
				SWIFT_OPTIMIZATION_LEVEL = "-Onone";
			};
			name = Debug;
		};
		9F113BF229F6CAA00017101D /* Release */ = {
			isa = XCBuildConfiguration;
			buildSettings = {
				ALWAYS_SEARCH_USER_PATHS = NO;
				CLANG_ANALYZER_NONNULL = YES;
				CLANG_ANALYZER_NUMBER_OBJECT_CONVERSION = YES_AGGRESSIVE;
				CLANG_CXX_LANGUAGE_STANDARD = "gnu++20";
				CLANG_ENABLE_MODULES = YES;
				CLANG_ENABLE_OBJC_ARC = YES;
				CLANG_ENABLE_OBJC_WEAK = YES;
				CLANG_WARN_BLOCK_CAPTURE_AUTORELEASING = YES;
				CLANG_WARN_BOOL_CONVERSION = YES;
				CLANG_WARN_COMMA = YES;
				CLANG_WARN_CONSTANT_CONVERSION = YES;
				CLANG_WARN_DEPRECATED_OBJC_IMPLEMENTATIONS = YES;
				CLANG_WARN_DIRECT_OBJC_ISA_USAGE = YES_ERROR;
				CLANG_WARN_DOCUMENTATION_COMMENTS = YES;
				CLANG_WARN_EMPTY_BODY = YES;
				CLANG_WARN_ENUM_CONVERSION = YES;
				CLANG_WARN_INFINITE_RECURSION = YES;
				CLANG_WARN_INT_CONVERSION = YES;
				CLANG_WARN_NON_LITERAL_NULL_CONVERSION = YES;
				CLANG_WARN_OBJC_IMPLICIT_RETAIN_SELF = YES;
				CLANG_WARN_OBJC_LITERAL_CONVERSION = YES;
				CLANG_WARN_OBJC_ROOT_CLASS = YES_ERROR;
				CLANG_WARN_QUOTED_INCLUDE_IN_FRAMEWORK_HEADER = YES;
				CLANG_WARN_RANGE_LOOP_ANALYSIS = YES;
				CLANG_WARN_STRICT_PROTOTYPES = YES;
				CLANG_WARN_SUSPICIOUS_MOVE = YES;
				CLANG_WARN_UNGUARDED_AVAILABILITY = YES_AGGRESSIVE;
				CLANG_WARN_UNREACHABLE_CODE = YES;
				CLANG_WARN__DUPLICATE_METHOD_MATCH = YES;
				COPY_PHASE_STRIP = NO;
				DEBUG_INFORMATION_FORMAT = "dwarf-with-dsym";
				ENABLE_NS_ASSERTIONS = NO;
				ENABLE_STRICT_OBJC_MSGSEND = YES;
				GCC_C_LANGUAGE_STANDARD = gnu11;
				GCC_NO_COMMON_BLOCKS = YES;
				GCC_WARN_64_TO_32_BIT_CONVERSION = YES;
				GCC_WARN_ABOUT_RETURN_TYPE = YES_ERROR;
				GCC_WARN_UNDECLARED_SELECTOR = YES;
				GCC_WARN_UNINITIALIZED_AUTOS = YES_AGGRESSIVE;
				GCC_WARN_UNUSED_FUNCTION = YES;
				GCC_WARN_UNUSED_VARIABLE = YES;
				IPHONEOS_DEPLOYMENT_TARGET = 16.2;
				MTL_ENABLE_DEBUG_INFO = NO;
				MTL_FAST_MATH = YES;
				SDKROOT = iphoneos;
				SWIFT_COMPILATION_MODE = wholemodule;
				SWIFT_OPTIMIZATION_LEVEL = "-O";
				VALIDATE_PRODUCT = YES;
			};
			name = Release;
		};
		9F113BF429F6CAA00017101D /* Debug */ = {
			isa = XCBuildConfiguration;
			buildSettings = {
				ASSETCATALOG_COMPILER_APPICON_NAME = AppIcon;
				ASSETCATALOG_COMPILER_GLOBAL_ACCENT_COLOR_NAME = AccentColor;
				CODE_SIGN_STYLE = Automatic;
				CURRENT_PROJECT_VERSION = 1;
				DEVELOPMENT_TEAM = NV5FY49WBP;
				GENERATE_INFOPLIST_FILE = YES;
				INFOPLIST_FILE = JustLook/SupportingFiles/Info.plist;
				INFOPLIST_KEY_UIApplicationSupportsIndirectInputEvents = YES;
				INFOPLIST_KEY_UILaunchStoryboardName = LaunchScreen;
				INFOPLIST_KEY_UISupportedInterfaceOrientations = "UIInterfaceOrientationLandscapeLeft UIInterfaceOrientationLandscapeRight UIInterfaceOrientationPortrait";
				INFOPLIST_KEY_UISupportedInterfaceOrientations_iPad = "UIInterfaceOrientationLandscapeLeft UIInterfaceOrientationLandscapeRight UIInterfaceOrientationPortrait UIInterfaceOrientationPortraitUpsideDown";
				LD_RUNPATH_SEARCH_PATHS = (
					"$(inherited)",
					"@executable_path/Frameworks",
				);
				MARKETING_VERSION = 1.0;
				PRODUCT_BUNDLE_IDENTIFIER = andresaleu.JustLook;
				PRODUCT_NAME = "$(TARGET_NAME)";
				SWIFT_EMIT_LOC_STRINGS = YES;
				SWIFT_VERSION = 5.0;
				TARGETED_DEVICE_FAMILY = "1,2";
			};
			name = Debug;
		};
		9F113BF529F6CAA00017101D /* Release */ = {
			isa = XCBuildConfiguration;
			buildSettings = {
				ASSETCATALOG_COMPILER_APPICON_NAME = AppIcon;
				ASSETCATALOG_COMPILER_GLOBAL_ACCENT_COLOR_NAME = AccentColor;
				CODE_SIGN_STYLE = Automatic;
				CURRENT_PROJECT_VERSION = 1;
				DEVELOPMENT_TEAM = NV5FY49WBP;
				GENERATE_INFOPLIST_FILE = YES;
				INFOPLIST_FILE = JustLook/SupportingFiles/Info.plist;
				INFOPLIST_KEY_UIApplicationSupportsIndirectInputEvents = YES;
				INFOPLIST_KEY_UILaunchStoryboardName = LaunchScreen;
				INFOPLIST_KEY_UISupportedInterfaceOrientations = "UIInterfaceOrientationLandscapeLeft UIInterfaceOrientationLandscapeRight UIInterfaceOrientationPortrait";
				INFOPLIST_KEY_UISupportedInterfaceOrientations_iPad = "UIInterfaceOrientationLandscapeLeft UIInterfaceOrientationLandscapeRight UIInterfaceOrientationPortrait UIInterfaceOrientationPortraitUpsideDown";
				LD_RUNPATH_SEARCH_PATHS = (
					"$(inherited)",
					"@executable_path/Frameworks",
				);
				MARKETING_VERSION = 1.0;
				PRODUCT_BUNDLE_IDENTIFIER = andresaleu.JustLook;
				PRODUCT_NAME = "$(TARGET_NAME)";
				SWIFT_EMIT_LOC_STRINGS = YES;
				SWIFT_VERSION = 5.0;
				TARGETED_DEVICE_FAMILY = "1,2";
			};
			name = Release;
		};
		9F113BF729F6CAA00017101D /* Debug */ = {
			isa = XCBuildConfiguration;
			buildSettings = {
				ALWAYS_EMBED_SWIFT_STANDARD_LIBRARIES = YES;
				BUNDLE_LOADER = "$(TEST_HOST)";
				CODE_SIGN_STYLE = Automatic;
				CURRENT_PROJECT_VERSION = 1;
				DEVELOPMENT_TEAM = NV5FY49WBP;
				GENERATE_INFOPLIST_FILE = YES;
				IPHONEOS_DEPLOYMENT_TARGET = 16.2;
				MARKETING_VERSION = 1.0;
				PRODUCT_BUNDLE_IDENTIFIER = andresaleu.JustLookTests;
				PRODUCT_NAME = "$(TARGET_NAME)";
				SWIFT_EMIT_LOC_STRINGS = NO;
				SWIFT_VERSION = 5.0;
				TARGETED_DEVICE_FAMILY = "1,2";
				TEST_HOST = "$(BUILT_PRODUCTS_DIR)/JustLook.app/$(BUNDLE_EXECUTABLE_FOLDER_PATH)/JustLook";
			};
			name = Debug;
		};
		9F113BF829F6CAA00017101D /* Release */ = {
			isa = XCBuildConfiguration;
			buildSettings = {
				ALWAYS_EMBED_SWIFT_STANDARD_LIBRARIES = YES;
				BUNDLE_LOADER = "$(TEST_HOST)";
				CODE_SIGN_STYLE = Automatic;
				CURRENT_PROJECT_VERSION = 1;
				DEVELOPMENT_TEAM = NV5FY49WBP;
				GENERATE_INFOPLIST_FILE = YES;
				IPHONEOS_DEPLOYMENT_TARGET = 16.2;
				MARKETING_VERSION = 1.0;
				PRODUCT_BUNDLE_IDENTIFIER = andresaleu.JustLookTests;
				PRODUCT_NAME = "$(TARGET_NAME)";
				SWIFT_EMIT_LOC_STRINGS = NO;
				SWIFT_VERSION = 5.0;
				TARGETED_DEVICE_FAMILY = "1,2";
				TEST_HOST = "$(BUILT_PRODUCTS_DIR)/JustLook.app/$(BUNDLE_EXECUTABLE_FOLDER_PATH)/JustLook";
			};
			name = Release;
		};
		9F113BFA29F6CAA00017101D /* Debug */ = {
			isa = XCBuildConfiguration;
			buildSettings = {
				ALWAYS_EMBED_SWIFT_STANDARD_LIBRARIES = YES;
				CODE_SIGN_STYLE = Automatic;
				CURRENT_PROJECT_VERSION = 1;
				DEVELOPMENT_TEAM = NV5FY49WBP;
				GENERATE_INFOPLIST_FILE = YES;
				MARKETING_VERSION = 1.0;
				PRODUCT_BUNDLE_IDENTIFIER = andresaleu.JustLookUITests;
				PRODUCT_NAME = "$(TARGET_NAME)";
				SWIFT_EMIT_LOC_STRINGS = NO;
				SWIFT_VERSION = 5.0;
				TARGETED_DEVICE_FAMILY = "1,2";
				TEST_TARGET_NAME = JustLook;
			};
			name = Debug;
		};
		9F113BFB29F6CAA00017101D /* Release */ = {
			isa = XCBuildConfiguration;
			buildSettings = {
				ALWAYS_EMBED_SWIFT_STANDARD_LIBRARIES = YES;
				CODE_SIGN_STYLE = Automatic;
				CURRENT_PROJECT_VERSION = 1;
				DEVELOPMENT_TEAM = NV5FY49WBP;
				GENERATE_INFOPLIST_FILE = YES;
				MARKETING_VERSION = 1.0;
				PRODUCT_BUNDLE_IDENTIFIER = andresaleu.JustLookUITests;
				PRODUCT_NAME = "$(TARGET_NAME)";
				SWIFT_EMIT_LOC_STRINGS = NO;
				SWIFT_VERSION = 5.0;
				TARGETED_DEVICE_FAMILY = "1,2";
				TEST_TARGET_NAME = JustLook;
			};
			name = Release;
		};
/* End XCBuildConfiguration section */

/* Begin XCConfigurationList section */
		9F113BC129F6CA9F0017101D /* Build configuration list for PBXProject "JustLook" */ = {
			isa = XCConfigurationList;
			buildConfigurations = (
				9F113BF129F6CAA00017101D /* Debug */,
				9F113BF229F6CAA00017101D /* Release */,
			);
			defaultConfigurationIsVisible = 0;
			defaultConfigurationName = Release;
		};
		9F113BF329F6CAA00017101D /* Build configuration list for PBXNativeTarget "JustLook" */ = {
			isa = XCConfigurationList;
			buildConfigurations = (
				9F113BF429F6CAA00017101D /* Debug */,
				9F113BF529F6CAA00017101D /* Release */,
			);
			defaultConfigurationIsVisible = 0;
			defaultConfigurationName = Release;
		};
		9F113BF629F6CAA00017101D /* Build configuration list for PBXNativeTarget "JustLookTests" */ = {
			isa = XCConfigurationList;
			buildConfigurations = (
				9F113BF729F6CAA00017101D /* Debug */,
				9F113BF829F6CAA00017101D /* Release */,
			);
			defaultConfigurationIsVisible = 0;
			defaultConfigurationName = Release;
		};
		9F113BF929F6CAA00017101D /* Build configuration list for PBXNativeTarget "JustLookUITests" */ = {
			isa = XCConfigurationList;
			buildConfigurations = (
				9F113BFA29F6CAA00017101D /* Debug */,
				9F113BFB29F6CAA00017101D /* Release */,
			);
			defaultConfigurationIsVisible = 0;
			defaultConfigurationName = Release;
		};
/* End XCConfigurationList section */

/* Begin XCRemoteSwiftPackageReference section */
		9F3BD79829F7F44F009791B6 /* XCRemoteSwiftPackageReference "Alamofire" */ = {
			isa = XCRemoteSwiftPackageReference;
			repositoryURL = "https://github.com/Alamofire/Alamofire.git";
			requirement = {
				kind = exactVersion;
				version = 5.6.4;
			};
		};
		9F3F749A2A01322500F136CC /* XCRemoteSwiftPackageReference "Kingfisher" */ = {
			isa = XCRemoteSwiftPackageReference;
			repositoryURL = "https://github.com/onevcat/Kingfisher.git";
			requirement = {
				kind = upToNextMajorVersion;
				minimumVersion = 7.0.0;
			};
		};
/* End XCRemoteSwiftPackageReference section */

/* Begin XCSwiftPackageProductDependency section */
		9F3BD79929F7F44F009791B6 /* Alamofire */ = {
			isa = XCSwiftPackageProductDependency;
			package = 9F3BD79829F7F44F009791B6 /* XCRemoteSwiftPackageReference "Alamofire" */;
			productName = Alamofire;
		};
		9F3F749B2A01322500F136CC /* Kingfisher */ = {
			isa = XCSwiftPackageProductDependency;
			package = 9F3F749A2A01322500F136CC /* XCRemoteSwiftPackageReference "Kingfisher" */;
			productName = Kingfisher;
		};
/* End XCSwiftPackageProductDependency section */

/* Begin XCVersionGroup section */
		9F113BD229F6CA9F0017101D /* JustLook.xcdatamodeld */ = {
			isa = XCVersionGroup;
			children = (
				9F113BD329F6CA9F0017101D /* JustLook.xcdatamodel */,
			);
			currentVersion = 9F113BD329F6CA9F0017101D /* JustLook.xcdatamodel */;
			path = JustLook.xcdatamodeld;
			sourceTree = "<group>";
			versionGroupType = wrapper.xcdatamodel;
		};
/* End XCVersionGroup section */
	};
	rootObject = 9F113BBE29F6CA9F0017101D /* Project object */;
}
